
Microsoft Visual Studio Solution File, Format Version 12.00
# Visual Studio 2013
VisualStudioVersion = 12.0.30501.0
MinimumVisualStudioVersion = 10.0.40219.1
Project("{FAE04EC0-301F-11D3-BF4B-00C04F79EFBC}") = "Drva", "Drva\Drva.csproj", "{6C26374D-3E4C-4491-B686-9FBEB086D378}"
EndProject
Global
	GlobalSection(SolutionConfigurationPlatforms) = preSolution
		Debug|Any CPU = Debug|Any CPU
		Release|Any CPU = Release|Any CPU
	EndGlobalSection
	GlobalSection(ProjectConfigurationPlatforms) = postSolution
		{6C26374D-3E4C-4491-B686-9FBEB086D378}.Debug|Any CPU.ActiveCfg = Debug|Any CPU
		{6C26374D-3E4C-4491-B686-9FBEB086D378}.Debug|Any CPU.Build.0 = Debug|Any CPU
		{6C26374D-3E4C-4491-B686-9FBEB086D378}.Release|Any CPU.ActiveCfg = Release|Any CPU
		{6C26374D-3E4C-4491-B686-9FBEB086D378}.Release|Any CPU.Build.0 = Release|Any CPU
	EndGlobalSection
	GlobalSection(SolutionProperties) = preSolution
		HideSolutionNode = FALSE
	EndGlobalSection
EndGlobal
